
Microsoft Visual Studio Solution File, Format Version 12.00
# Visual Studio Version 17
VisualStudioVersion = 17.1.32210.238
MinimumVisualStudioVersion = 10.0.40219.1
Project("{9A19103F-16F7-4668-BE54-9A1E7A4F7556}") = "HW02", "HW02\HW02.csproj", "{13286800-8155-419B-B315-02B4BED90F04}"
EndProject
Project("{2150E333-8FDC-42A3-9474-1A3956D46DE8}") = "Data", "Data", "{2EE8B844-7F9D-47D2-92F4-EDF74AE7EC8F}"
	ProjectSection(SolutionItems) = preProject
		data\John_Martin_-_Belshazzar's_Feast.jpg = data\John_Martin_-_Belshazzar's_Feast.jpg
		data\John_Martin_-_Pandemonium.JPG = data\John_Martin_-_Pandemonium.JPG
		data\John_Martin_-_Sodom_and_Gomorrah.jpg = data\John_Martin_-_Sodom_and_Gomorrah.jpg
		data\John_Martin_-_The_Great_Day_of_His_Wrath.jpg = data\John_Martin_-_The_Great_Day_of_His_Wrath.jpg
		data\John_Martin_-_The_Last_Judgement.jpg = data\John_Martin_-_The_Last_Judgement.jpg
		data\John_Martin_-_The_Plains_of_Heaven.jpg = data\John_Martin_-_The_Plains_of_Heaven.jpg
	EndProjectSection
EndProject
Project("{FAE04EC0-301F-11D3-BF4B-00C04F79EFBC}") = "HW02.Tests", "HW02.Tests\HW02.Tests.csproj", "{7817EC59-1F5D-4927-A1A6-375039DA94A5}"
EndProject
Global
	GlobalSection(SolutionConfigurationPlatforms) = preSolution
		Debug|Any CPU = Debug|Any CPU
		Release|Any CPU = Release|Any CPU
	EndGlobalSection
	GlobalSection(ProjectConfigurationPlatforms) = postSolution
		{13286800-8155-419B-B315-02B4BED90F04}.Debug|Any CPU.ActiveCfg = Debug|Any CPU
		{13286800-8155-419B-B315-02B4BED90F04}.Debug|Any CPU.Build.0 = Debug|Any CPU
		{13286800-8155-419B-B315-02B4BED90F04}.Release|Any CPU.ActiveCfg = Release|Any CPU
		{13286800-8155-419B-B315-02B4BED90F04}.Release|Any CPU.Build.0 = Release|Any CPU
		{7817EC59-1F5D-4927-A1A6-375039DA94A5}.Debug|Any CPU.ActiveCfg = Debug|Any CPU
		{7817EC59-1F5D-4927-A1A6-375039DA94A5}.Debug|Any CPU.Build.0 = Debug|Any CPU
		{7817EC59-1F5D-4927-A1A6-375039DA94A5}.Release|Any CPU.ActiveCfg = Release|Any CPU
		{7817EC59-1F5D-4927-A1A6-375039DA94A5}.Release|Any CPU.Build.0 = Release|Any CPU
	EndGlobalSection
	GlobalSection(SolutionProperties) = preSolution
		HideSolutionNode = FALSE
	EndGlobalSection
	GlobalSection(ExtensibilityGlobals) = postSolution
		SolutionGuid = {C4F21082-3EC0-467C-8FA7-99817FA807AC}
	EndGlobalSection
EndGlobal
